
Microsoft Visual Studio Solution File, Format Version 10.00
# Visual Studio 2008
Project("{8BC9CEB8-8B4A-11D0-8D11-00A0C91BC942}") = "t15_2", "t15_2.vcproj", "{4FB923C2-FAE5-4DD8-A773-F6E36C7A3579}"
EndProject
Global
	GlobalSection(SolutionConfigurationPlatforms) = preSolution
		Debug|Win32 = Debug|Win32
		Release|Win32 = Release|Win32
	EndGlobalSection
	GlobalSection(ProjectConfigurationPlatforms) = postSolution
		{4FB923C2-FAE5-4DD8-A773-F6E36C7A3579}.Debug|Win32.ActiveCfg = Debug|Win32
		{4FB923C2-FAE5-4DD8-A773-F6E36C7A3579}.Debug|Win32.Build.0 = Debug|Win32
		{4FB923C2-FAE5-4DD8-A773-F6E36C7A3579}.Release|Win32.ActiveCfg = Release|Win32
		{4FB923C2-FAE5-4DD8-A773-F6E36C7A3579}.Release|Win32.Build.0 = Release|Win32
	EndGlobalSection
	GlobalSection(SolutionProperties) = preSolution
		HideSolutionNode = FALSE
	EndGlobalSection
EndGlobal
